<?xml version="1.0" encoding="utf-8"?>
<Project ToolsVersion="4.0" xmlns="http://schemas.microsoft.com/developer/msbuild/2003">
  <ItemGroup>
    <Filter Include="Source Files">
      <UniqueIdentifier>{4FC737F1-C7A5-4376-A066-2A32D752A2FF}</UniqueIdentifier>
      <Extensions>cpp;c;cc;cxx;c++;cppm;ixx;def;odl;idl;hpj;bat;asm;asmx</Extensions>
    </Filter>
    <Filter Include="Header Files">
      <UniqueIdentifier>{93995380-89BD-4b04-88EB-625FBE52EBFB}</UniqueIdentifier>
      <Extensions>h;hh;hpp;hxx;h++;hm;inl;inc;ipp;xsd</Extensions>
    </Filter>
    <Filter Include="Resource Files">
      <UniqueIdentifier>{67DA6AB6-F800-4c08-8B7A-83BB121AAD01}</UniqueIdentifier>
      <Extensions>rc;ico;cur;bmp;dlg;rc2;rct;bin;rgs;gif;jpg;jpeg;jpe;resx;tiff;tif;png;wav;mfcribbon-ms</Extensions>
    </Filter>
  </ItemGroup>
  <ItemGroup>
    <ClCompile Include="img_cmdln.cpp">
      <Filter>Source Files</Filter>
    </ClCompile>
    <ClCompile Include="imgdec_pal.cpp">
      <Filter>Source Files</Filter>
    </ClCompile>
    <ClCompile Include="imgdec_prle.cpp">
      <Filter>Source Files</Filter>
    </ClCompile>
    <ClCompile Include="imgdec_rle.cpp">
      <Filter>Source Files</Filter>
    </ClCompile>
    <ClCompile Include="imgenc_pal.cpp">
      <Filter>Source Files</Filter>
    </ClCompile>
    <ClCompile Include="imgenc_prle.cpp">
      <Filter>Source Files</Filter>
    </ClCompile>
    <ClCompile Include="imgenc_rle.cpp">
      <Filter>Source Files</Filter>
    </ClCompile>
    <ClCompile Include="imgencoder.cpp">
      <Filter>Source Files</Filter>
    </ClCompile>
    <ClCompile Include="bitmaps\amy.cpp">
      <Filter>Source Files</Filter>
    </ClCompile>
    <ClCompile Include="bitmaps\batman.cpp">
      <Filter>Source Files</Filter>
    </ClCompile>
    <ClCompile Include="bitmaps\linux.cpp">
      <Filter>Source Files</Filter>
    </ClCompile>
    <ClCompile Include="bitmaps\mac.cpp">
      <Filter>Source Files</Filter>
    </ClCompile>
    <ClCompile Include="bitmaps\win.cpp">
      <Filter>Source Files</Filter>
    </ClCompile>
  </ItemGroup>
  <ItemGroup>
    <ClInclude Include="bitmaps\amy.h">
      <Filter>Header Files</Filter>
    </ClInclude>
    <ClInclude Include="bitmaps\batman.h">
      <Filter>Header Files</Filter>
    </ClInclude>
    <ClInclude Include="bitmaps\linux.h">
      <Filter>Header Files</Filter>
    </ClInclude>
    <ClInclude Include="bitmaps\mac.h">
      <Filter>Header Files</Filter>
    </ClInclude>
    <ClInclude Include="bitmaps\win.h">
      <Filter>Header Files</Filter>
    </ClInclude>
    <ClInclude Include="include\bitmap.h">
      <Filter>Header Files</Filter>
    </ClInclude>
    <ClInclude Include="include\imgencoder.h">
      <Filter>Header Files</Filter>
    </ClInclude>
  </ItemGroup>
  <ItemGroup>
    <None Include="wmake.cmd" />
    <None Include="Makefile" />
  </ItemGroup>
</Project>