
Microsoft Visual Studio Solution File, Format Version 12.00
# Visual Studio Version 17
VisualStudioVersion = 17.0.32112.339
MinimumVisualStudioVersion = 10.0.40219.1
Project("{8BC9CEB8-8B4A-11D0-8D11-00A0C91BC942}") = "ImageComp", "ImageComp.vcxproj", "{299A07D1-A6BE-4C97-8FE9-3FEECBA5680B}"
EndProject
Global
	GlobalSection(SolutionConfigurationPlatforms) = preSolution
		Debug|x64 = Debug|x64
		Debug|x86 = Debug|x86
		Release|x64 = Release|x64
		Release|x86 = Release|x86
	EndGlobalSection
	GlobalSection(ProjectConfigurationPlatforms) = postSolution
		{299A07D1-A6BE-4C97-8FE9-3FEECBA5680B}.Debug|x64.ActiveCfg = Debug|x64
		{299A07D1-A6BE-4C97-8FE9-3FEECBA5680B}.Debug|x64.Build.0 = Debug|x64
		{299A07D1-A6BE-4C97-8FE9-3FEECBA5680B}.Debug|x86.ActiveCfg = Debug|Win32
		{299A07D1-A6BE-4C97-8FE9-3FEECBA5680B}.Debug|x86.Build.0 = Debug|Win32
		{299A07D1-A6BE-4C97-8FE9-3FEECBA5680B}.Release|x64.ActiveCfg = Release|x64
		{299A07D1-A6BE-4C97-8FE9-3FEECBA5680B}.Release|x64.Build.0 = Release|x64
		{299A07D1-A6BE-4C97-8FE9-3FEECBA5680B}.Release|x86.ActiveCfg = Release|Win32
		{299A07D1-A6BE-4C97-8FE9-3FEECBA5680B}.Release|x86.Build.0 = Release|Win32
	EndGlobalSection
	GlobalSection(SolutionProperties) = preSolution
		HideSolutionNode = FALSE
	EndGlobalSection
	GlobalSection(ExtensibilityGlobals) = postSolution
		SolutionGuid = {6A866AC3-1FC7-4885-8725-F992FB647A17}
	EndGlobalSection
EndGlobal
